{
  "name": "e2e",
  "version": "1.0.0",
  "lockfileVersion": 2,
  "requires": true,
  "packages": {
    "": {
      "name": "e2e",
      "version": "1.0.0",
      "license": "ISC",
      "devDependencies": {
        "@playwright/test": "^1.30.0",
        "@types/node": "^18.13.0",
        "cypress": "^12.5.0"
      }
    },
    "../node_modules/.pnpm/cypress@12.5.0/node_modules/cypress": {
      "version": "12.5.0",
      "dev": true,
      "hasInstallScript": true,
      "license": "MIT",
      "dependencies": {
        "@cypress/request": "^2.88.10",
        "@cypress/xvfb": "^1.2.4",
        "@types/node": "^14.14.31",
        "@types/sinonjs__fake-timers": "8.1.1",
        "@types/sizzle": "^2.3.2",
        "arch": "^2.2.0",
        "blob-util": "^2.0.2",
        "bluebird": "^3.7.2",
        "buffer": "^5.6.0",
        "cachedir": "^2.3.0",
        "chalk": "^4.1.0",
        "check-more-types": "^2.24.0",
        "cli-cursor": "^3.1.0",
        "cli-table3": "~0.6.1",
        "commander": "^5.1.0",
        "common-tags": "^1.8.0",
        "dayjs": "^1.10.4",
        "debug": "^4.3.2",
        "enquirer": "^2.3.6",
        "eventemitter2": "6.4.7",
        "execa": "4.1.0",
        "executable": "^4.1.1",
        "extract-zip": "2.0.1",
        "figures": "^3.2.0",
        "fs-extra": "^9.1.0",
        "getos": "^3.2.1",
        "is-ci": "^3.0.0",
        "is-installed-globally": "~0.4.0",
        "lazy-ass": "^1.6.0",
        "listr2": "^3.8.3",
        "lodash": "^4.17.21",
        "log-symbols": "^4.0.0",
        "minimist": "^1.2.6",
        "ospath": "^1.2.2",
        "pretty-bytes": "^5.6.0",
        "proxy-from-env": "1.0.0",
        "request-progress": "^3.0.0",
        "semver": "^7.3.2",
        "supports-color": "^8.1.1",
        "tmp": "~0.2.1",
        "untildify": "^4.0.0",
        "yauzl": "^2.10.0"
      },
      "bin": {
        "cypress": "bin/cypress"
      },
      "engines": {
        "node": "^14.0.0 || ^16.0.0 || >=18.0.0"
      }
    },
    "node_modules/@playwright/test": {
      "version": "1.30.0",
      "resolved": "https://registry.npmjs.org/@playwright/test/-/test-1.30.0.tgz",
      "integrity": "sha512-SVxkQw1xvn/Wk/EvBnqWIq6NLo1AppwbYOjNLmyU0R1RoQ3rLEBtmjTnElcnz8VEtn11fptj1ECxK0tgURhajw==",
      "dev": true,
      "dependencies": {
        "@types/node": "*",
        "playwright-core": "1.30.0"
      },
      "bin": {
        "playwright": "cli.js"
      },
      "engines": {
        "node": ">=14"
      }
    },
    "node_modules/@types/node": {
      "version": "18.13.0",
      "resolved": "https://registry.npmjs.org/@types/node/-/node-18.13.0.tgz",
      "integrity": "sha512-gC3TazRzGoOnoKAhUx+Q0t8S9Tzs74z7m0ipwGpSqQrleP14hKxP4/JUeEQcD3W1/aIpnWl8pHowI7WokuZpXg==",
      "dev": true
    },
    "node_modules/cypress": {
      "resolved": "../node_modules/.pnpm/cypress@12.5.0/node_modules/cypress",
      "link": true
    },
    "node_modules/playwright-core": {
      "version": "1.30.0",
      "resolved": "https://registry.npmjs.org/playwright-core/-/playwright-core-1.30.0.tgz",
      "integrity": "sha512-7AnRmTCf+GVYhHbLJsGUtskWTE33SwMZkybJ0v6rqR1boxq2x36U7p1vDRV7HO2IwTZgmycracLxPEJI49wu4g==",
      "dev": true,
      "bin": {
        "playwright": "cli.js"
      },
      "engines": {
        "node": ">=14"
      }
    }
  },
  "dependencies": {
    "@playwright/test": {
      "version": "1.30.0",
      "resolved": "https://registry.npmjs.org/@playwright/test/-/test-1.30.0.tgz",
      "integrity": "sha512-SVxkQw1xvn/Wk/EvBnqWIq6NLo1AppwbYOjNLmyU0R1RoQ3rLEBtmjTnElcnz8VEtn11fptj1ECxK0tgURhajw==",
      "dev": true,
      "requires": {
        "@types/node": "*",
        "playwright-core": "1.30.0"
      }
    },
    "@types/node": {
      "version": "18.13.0",
      "resolved": "https://registry.npmjs.org/@types/node/-/node-18.13.0.tgz",
      "integrity": "sha512-gC3TazRzGoOnoKAhUx+Q0t8S9Tzs74z7m0ipwGpSqQrleP14hKxP4/JUeEQcD3W1/aIpnWl8pHowI7WokuZpXg==",
      "dev": true
    },
    "cypress": {
      "version": "file:../node_modules/.pnpm/cypress@12.5.0/node_modules/cypress",
      "requires": {
        "@cypress/request": "^2.88.10",
        "@cypress/xvfb": "^1.2.4",
        "@types/node": "^14.14.31",
        "@types/sinonjs__fake-timers": "8.1.1",
        "@types/sizzle": "^2.3.2",
        "arch": "^2.2.0",
        "blob-util": "^2.0.2",
        "bluebird": "^3.7.2",
        "buffer": "^5.6.0",
        "cachedir": "^2.3.0",
        "chalk": "^4.1.0",
        "check-more-types": "^2.24.0",
        "cli-cursor": "^3.1.0",
        "cli-table3": "~0.6.1",
        "commander": "^5.1.0",
        "common-tags": "^1.8.0",
        "dayjs": "^1.10.4",
        "debug": "^4.3.2",
        "enquirer": "^2.3.6",
        "eventemitter2": "6.4.7",
        "execa": "4.1.0",
        "executable": "^4.1.1",
        "extract-zip": "2.0.1",
        "figures": "^3.2.0",
        "fs-extra": "^9.1.0",
        "getos": "^3.2.1",
        "is-ci": "^3.0.0",
        "is-installed-globally": "~0.4.0",
        "lazy-ass": "^1.6.0",
        "listr2": "^3.8.3",
        "lodash": "^4.17.21",
        "log-symbols": "^4.0.0",
        "minimist": "^1.2.6",
        "ospath": "^1.2.2",
        "pretty-bytes": "^5.6.0",
        "proxy-from-env": "1.0.0",
        "request-progress": "^3.0.0",
        "semver": "^7.3.2",
        "supports-color": "^8.1.1",
        "tmp": "~0.2.1",
        "untildify": "^4.0.0",
        "yauzl": "^2.10.0"
      }
    },
    "playwright-core": {
      "version": "1.30.0",
      "resolved": "https://registry.npmjs.org/playwright-core/-/playwright-core-1.30.0.tgz",
      "integrity": "sha512-7AnRmTCf+GVYhHbLJsGUtskWTE33SwMZkybJ0v6rqR1boxq2x36U7p1vDRV7HO2IwTZgmycracLxPEJI49wu4g==",
      "dev": true
    }
  }
}
